
Microsoft Visual Studio Solution File, Format Version 12.00
# Visual Studio 15
VisualStudioVersion = 15.0.26730.12
MinimumVisualStudioVersion = 10.0.40219.1
Project("{FAE04EC0-301F-11D3-BF4B-00C04F79EFBC}") = "LearningCSharp", "LearningCSharp\LearningCSharp.csproj", "{D2832CF4-301C-407E-8BA7-21E1D3015A69}"
EndProject
Global
	GlobalSection(SolutionConfigurationPlatforms) = preSolution
		Debug|Any CPU = Debug|Any CPU
		Release|Any CPU = Release|Any CPU
	EndGlobalSection
	GlobalSection(ProjectConfigurationPlatforms) = postSolution
		{D2832CF4-301C-407E-8BA7-21E1D3015A69}.Debug|Any CPU.ActiveCfg = Debug|Any CPU
		{D2832CF4-301C-407E-8BA7-21E1D3015A69}.Debug|Any CPU.Build.0 = Debug|Any CPU
		{D2832CF4-301C-407E-8BA7-21E1D3015A69}.Release|Any CPU.ActiveCfg = Release|Any CPU
		{D2832CF4-301C-407E-8BA7-21E1D3015A69}.Release|Any CPU.Build.0 = Release|Any CPU
	EndGlobalSection
	GlobalSection(SolutionProperties) = preSolution
		HideSolutionNode = FALSE
	EndGlobalSection
	GlobalSection(ExtensibilityGlobals) = postSolution
		SolutionGuid = {BF65AB86-4B9A-4609-9338-AB12F8A55269}
	EndGlobalSection
EndGlobal
